
Microsoft Visual Studio Solution File, Format Version 12.00
# Visual Studio Version 17
VisualStudioVersion = 17.2.32526.322
MinimumVisualStudioVersion = 10.0.40219.1
Project("{FAE04EC0-301F-11D3-BF4B-00C04F79EFBC}") = "Day60Demo", "Day60Demo\Day60Demo.csproj", "{1AB689A0-7B98-4399-842C-7508915500BA}"
EndProject
Global
	GlobalSection(SolutionConfigurationPlatforms) = preSolution
		Debug|Any CPU = Debug|Any CPU
		Release|Any CPU = Release|Any CPU
	EndGlobalSection
	GlobalSection(ProjectConfigurationPlatforms) = postSolution
		{1AB689A0-7B98-4399-842C-7508915500BA}.Debug|Any CPU.ActiveCfg = Debug|Any CPU
		{1AB689A0-7B98-4399-842C-7508915500BA}.Debug|Any CPU.Build.0 = Debug|Any CPU
		{1AB689A0-7B98-4399-842C-7508915500BA}.Release|Any CPU.ActiveCfg = Release|Any CPU
		{1AB689A0-7B98-4399-842C-7508915500BA}.Release|Any CPU.Build.0 = Release|Any CPU
	EndGlobalSection
	GlobalSection(SolutionProperties) = preSolution
		HideSolutionNode = FALSE
	EndGlobalSection
	GlobalSection(ExtensibilityGlobals) = postSolution
		SolutionGuid = {FEF7A570-223E-4F1A-A1A4-A510964E61B8}
	EndGlobalSection
EndGlobal
